
Microsoft Visual Studio Solution File, Format Version 12.00
# Visual Studio Version 17
VisualStudioVersion = 17.11.35219.272
MinimumVisualStudioVersion = 10.0.40219.1
Project("{FAE04EC0-301F-11D3-BF4B-00C04F79EFBC}") = "ConsoleApp1", "ConsoleApp1\ConsoleApp1.csproj", "{E18F81AA-BBB2-4D41-811A-A2A137A872B7}"
EndProject
Project("{FAE04EC0-301F-11D3-BF4B-00C04F79EFBC}") = "Task211", "Task211\Task211.csproj", "{D5B46DF5-F8C7-4ED8-A2AC-8A6189FB4D58}"
EndProject
Project("{FAE04EC0-301F-11D3-BF4B-00C04F79EFBC}") = "Task212", "Task212\Task212.csproj", "{D2E38A8C-A92A-446E-B725-B6244A67DCC4}"
EndProject
Project("{FAE04EC0-301F-11D3-BF4B-00C04F79EFBC}") = "Task213", "Task213\Task213.csproj", "{6A61ED48-3353-47CF-9121-04B3583915FA}"
EndProject
Project("{FAE04EC0-301F-11D3-BF4B-00C04F79EFBC}") = "Task251", "Task251\Task251.csproj", "{C2CDD9F8-692E-4F20-B250-0B2C5D72031E}"
EndProject
Project("{FAE04EC0-301F-11D3-BF4B-00C04F79EFBC}") = "Task252", "Task252\Task252.csproj", "{CD679D4E-91C7-476B-9447-62B0C5960028}"
EndProject
Project("{FAE04EC0-301F-11D3-BF4B-00C04F79EFBC}") = "Task253", "Task253\Task253.csproj", "{5C56E87C-DA9B-4449-AC6C-7C1701120E50}"
EndProject
Project("{FAE04EC0-301F-11D3-BF4B-00C04F79EFBC}") = "Task541", "Task541\Task541.csproj", "{8653E4D8-4B85-46F4-81C8-4F0B8E37E02B}"
EndProject
Project("{FAE04EC0-301F-11D3-BF4B-00C04F79EFBC}") = "Task542", "Task542\Task542.csproj", "{26313CE2-588F-4AD4-85AA-F3BA0DC93793}"
EndProject
Project("{FAE04EC0-301F-11D3-BF4B-00C04F79EFBC}") = "Task551", "Task551\Task551.csproj", "{118745F1-84F2-4A9B-ABF7-D27AE98A4270}"
EndProject
Project("{FAE04EC0-301F-11D3-BF4B-00C04F79EFBC}") = "Task561", "Task561\Task561.csproj", "{E0A0E77D-597A-4AA9-809A-FB6ED09E3536}"
EndProject
Project("{FAE04EC0-301F-11D3-BF4B-00C04F79EFBC}") = "Task411", "Task411\Task411.csproj", "{315572AA-7253-4CAA-9A99-724470707E33}"
EndProject
Project("{FAE04EC0-301F-11D3-BF4B-00C04F79EFBC}") = "Task412", "Task412\Task412.csproj", "{B9F090A2-B813-4390-9B20-3D34025A8A46}"
EndProject
Project("{FAE04EC0-301F-11D3-BF4B-00C04F79EFBC}") = "Task421", "Task421\Task421.csproj", "{0B02A473-64EB-4911-9A8F-3E2E38DB736E}"
EndProject
Project("{FAE04EC0-301F-11D3-BF4B-00C04F79EFBC}") = "Task431", "Task431\Task431.csproj", "{EC6ED9A1-BF8D-408B-BDBC-D5674EA91BC2}"
EndProject
Project("{FAE04EC0-301F-11D3-BF4B-00C04F79EFBC}") = "Task441", "Task441\Task441.csproj", "{6EF521B9-50D7-4F9C-AC3E-D53E26DDFE00}"
EndProject
Project("{FAE04EC0-301F-11D3-BF4B-00C04F79EFBC}") = "Task451", "Task451\Task451.csproj", "{4B5B1995-1829-4BD2-ABB2-AE39D97EE67E}"
EndProject
Project("{FAE04EC0-301F-11D3-BF4B-00C04F79EFBC}") = "Galgenman", "Galgenman\Galgenman.csproj", "{A9E4CB19-876B-4B87-98E2-92E721C624D1}"
EndProject
Project("{FAE04EC0-301F-11D3-BF4B-00C04F79EFBC}") = "Spaceman", "Spaceman\Spaceman.csproj", "{FE70749B-C101-40CB-A369-C9D8E292892D}"
EndProject
Project("{FAE04EC0-301F-11D3-BF4B-00C04F79EFBC}") = "Task611", "Task611\Task611.csproj", "{6B1BB47E-6685-4BF9-892B-DC4201D6ACBE}"
EndProject
Project("{FAE04EC0-301F-11D3-BF4B-00C04F79EFBC}") = "Task621", "Task621\Task621.csproj", "{DD6479EA-5879-475A-B112-2F42283413F9}"
EndProject
Project("{FAE04EC0-301F-11D3-BF4B-00C04F79EFBC}") = "Task641", "Task641\Task641.csproj", "{93E5FD6D-06A0-4D63-B7F8-8F4AD94BBBE5}"
EndProject
Project("{FAE04EC0-301F-11D3-BF4B-00C04F79EFBC}") = "Task711", "Task711\Task711.csproj", "{E5EDE995-1788-4337-AFA6-F47E9C42ECA1}"
EndProject
Project("{FAE04EC0-301F-11D3-BF4B-00C04F79EFBC}") = "Task721", "Task721\Task721.csproj", "{10E9DAD2-07C3-4464-8C2B-77874E5F3D9C}"
EndProject
Project("{FAE04EC0-301F-11D3-BF4B-00C04F79EFBC}") = "WpfApp1", "WpfApp1\WpfApp1.csproj", "{3C77FCC9-90F6-4505-AC02-187E1404F03E}"
EndProject
Project("{FAE04EC0-301F-11D3-BF4B-00C04F79EFBC}") = "4Wins", "4Wins\4Wins.csproj", "{45C37538-55EB-49D7-8B72-CA73847CF336}"
EndProject
Project("{FAE04EC0-301F-11D3-BF4B-00C04F79EFBC}") = "4WinsForms", "4WinsForms\4WinsForms.csproj", "{5CA488ED-0BDA-4D0E-B713-B821E9FC637F}"
EndProject
Project("{FAE04EC0-301F-11D3-BF4B-00C04F79EFBC}") = "Task911", "Task911\Task911.csproj", "{6401BA38-6941-409A-BD12-A4BAD3EA313C}"
EndProject
Project("{FAE04EC0-301F-11D3-BF4B-00C04F79EFBC}") = "Task101", "Task101\Task101.csproj", "{33466A73-5C84-4C0C-8453-DCAF08A7B7A9}"
EndProject
Project("{FAE04EC0-301F-11D3-BF4B-00C04F79EFBC}") = "Task111", "Task111\Task111.csproj", "{B4A26FED-7FBB-49AE-AC0A-25A80E453E48}"
EndProject
Project("{FAE04EC0-301F-11D3-BF4B-00C04F79EFBC}") = "Task12A", "Task12A\Task12A.csproj", "{1D0DD90A-69C9-44B5-90FC-4BDE07429A95}"
EndProject
Project("{FAE04EC0-301F-11D3-BF4B-00C04F79EFBC}") = "Task13A", "Task13A\Task13A.csproj", "{F0304C52-608B-4D1E-8BCE-8A67C5F6E3A9}"
EndProject
Project("{FAE04EC0-301F-11D3-BF4B-00C04F79EFBC}") = "Task14A", "Task14A\Task14A.csproj", "{4A273F21-71E2-43EE-8F7A-01BE1CE6FEBE}"
EndProject
Project("{FAE04EC0-301F-11D3-BF4B-00C04F79EFBC}") = "Task15A", "Task15A\Task15A.csproj", "{4036F96D-62DB-4D0C-81EC-6DD4DD6A4950}"
EndProject
Project("{FAE04EC0-301F-11D3-BF4B-00C04F79EFBC}") = "Task16A", "Task16A\Task16A.csproj", "{ADD4ECB4-ECD2-45D6-8AA0-F65201A26DFC}"
EndProject
Project("{FAE04EC0-301F-11D3-BF4B-00C04F79EFBC}") = "Task17A", "Task17A\Task17A.csproj", "{BE37C674-0183-45ED-9E0D-76016B8D98CC}"
EndProject
Project("{FAE04EC0-301F-11D3-BF4B-00C04F79EFBC}") = "Task18A", "Task18A\Task18A.csproj", "{4AF0D448-5412-4DF0-B2EE-1157452DAE88}"
EndProject
Project("{FAE04EC0-301F-11D3-BF4B-00C04F79EFBC}") = "Task19A", "Task19A\Task19A.csproj", "{A0FB5030-E20B-4CC8-ACF0-9C4EADDB03EB}"
EndProject
Project("{2150E333-8FDC-42A3-9474-1A3956D46DE8}") = "Vererbung", "Vererbung", "{4B115C90-393C-4C59-A924-A79F766705EE}"
EndProject
Project("{FAE04EC0-301F-11D3-BF4B-00C04F79EFBC}") = "Task2", "Task2\Task2.csproj", "{2DA71B14-88FA-49C4-B14E-ACFC7ED5EB51}"
EndProject
Project("{FAE04EC0-301F-11D3-BF4B-00C04F79EFBC}") = "Task3", "Task3\Task3.csproj", "{066D9D52-5F85-47B3-8E71-7027FA85CAC4}"
EndProject
Project("{2150E333-8FDC-42A3-9474-1A3956D46DE8}") = "Abstrakte Klassen", "Abstrakte Klassen", "{2328D535-02B8-4F95-B16F-0EFDCF6756F2}"
EndProject
Project("{FAE04EC0-301F-11D3-BF4B-00C04F79EFBC}") = "Task00", "Task00\Task00.csproj", "{4934CDD8-650F-4182-8AF1-DE75ABD485B2}"
EndProject
Project("{2150E333-8FDC-42A3-9474-1A3956D46DE8}") = "Polymorphie", "Polymorphie", "{C00AA086-3CE9-46FE-A550-9B41E560DAF6}"
EndProject
Project("{FAE04EC0-301F-11D3-BF4B-00C04F79EFBC}") = "Task0207", "Task0207\Task0207.csproj", "{8F13D6FB-EBA3-4215-A2D5-A381B369B5A4}"
EndProject
Project("{FAE04EC0-301F-11D3-BF4B-00C04F79EFBC}") = "Task0208", "Task0208\Task0208.csproj", "{0023E483-B3C0-4BBD-99E8-16F46E3D4D11}"
EndProject
Project("{2150E333-8FDC-42A3-9474-1A3956D46DE8}") = "Interfaces", "Interfaces", "{964DD8E6-1055-43AE-9B04-006C9EC4158E}"
EndProject
Project("{FAE04EC0-301F-11D3-BF4B-00C04F79EFBC}") = "Task0302", "Task0302\Task0302.csproj", "{3AF1DA21-B106-4E50-8490-7EFBD03AADBC}"
EndProject
Project("{FAE04EC0-301F-11D3-BF4B-00C04F79EFBC}") = "Task0303", "Task0303\Task0303.csproj", "{014D08D3-9A91-4579-AC0E-7CA1E5A72461}"
EndProject
Project("{FAE04EC0-301F-11D3-BF4B-00C04F79EFBC}") = "Task0304", "Task0304\Task0304.csproj", "{6379F498-8C74-4CCD-952D-9ADA6BD03E37}"
EndProject
Project("{FAE04EC0-301F-11D3-BF4B-00C04F79EFBC}") = "Task0305", "Task0305\Task0305.csproj", "{40C257FF-FC21-4C3B-A95B-D43CF2F44389}"
EndProject
Global
	GlobalSection(SolutionConfigurationPlatforms) = preSolution
		Debug|Any CPU = Debug|Any CPU
		Release|Any CPU = Release|Any CPU
	EndGlobalSection
	GlobalSection(ProjectConfigurationPlatforms) = postSolution
		{E18F81AA-BBB2-4D41-811A-A2A137A872B7}.Debug|Any CPU.ActiveCfg = Debug|Any CPU
		{E18F81AA-BBB2-4D41-811A-A2A137A872B7}.Debug|Any CPU.Build.0 = Debug|Any CPU
		{E18F81AA-BBB2-4D41-811A-A2A137A872B7}.Release|Any CPU.ActiveCfg = Release|Any CPU
		{E18F81AA-BBB2-4D41-811A-A2A137A872B7}.Release|Any CPU.Build.0 = Release|Any CPU
		{D5B46DF5-F8C7-4ED8-A2AC-8A6189FB4D58}.Debug|Any CPU.ActiveCfg = Debug|Any CPU
		{D5B46DF5-F8C7-4ED8-A2AC-8A6189FB4D58}.Debug|Any CPU.Build.0 = Debug|Any CPU
		{D5B46DF5-F8C7-4ED8-A2AC-8A6189FB4D58}.Release|Any CPU.ActiveCfg = Release|Any CPU
		{D5B46DF5-F8C7-4ED8-A2AC-8A6189FB4D58}.Release|Any CPU.Build.0 = Release|Any CPU
		{D2E38A8C-A92A-446E-B725-B6244A67DCC4}.Debug|Any CPU.ActiveCfg = Debug|Any CPU
		{D2E38A8C-A92A-446E-B725-B6244A67DCC4}.Debug|Any CPU.Build.0 = Debug|Any CPU
		{D2E38A8C-A92A-446E-B725-B6244A67DCC4}.Release|Any CPU.ActiveCfg = Release|Any CPU
		{D2E38A8C-A92A-446E-B725-B6244A67DCC4}.Release|Any CPU.Build.0 = Release|Any CPU
		{6A61ED48-3353-47CF-9121-04B3583915FA}.Debug|Any CPU.ActiveCfg = Debug|Any CPU
		{6A61ED48-3353-47CF-9121-04B3583915FA}.Debug|Any CPU.Build.0 = Debug|Any CPU
		{6A61ED48-3353-47CF-9121-04B3583915FA}.Release|Any CPU.ActiveCfg = Release|Any CPU
		{6A61ED48-3353-47CF-9121-04B3583915FA}.Release|Any CPU.Build.0 = Release|Any CPU
		{C2CDD9F8-692E-4F20-B250-0B2C5D72031E}.Debug|Any CPU.ActiveCfg = Debug|Any CPU
		{C2CDD9F8-692E-4F20-B250-0B2C5D72031E}.Debug|Any CPU.Build.0 = Debug|Any CPU
		{C2CDD9F8-692E-4F20-B250-0B2C5D72031E}.Release|Any CPU.ActiveCfg = Release|Any CPU
		{C2CDD9F8-692E-4F20-B250-0B2C5D72031E}.Release|Any CPU.Build.0 = Release|Any CPU
		{CD679D4E-91C7-476B-9447-62B0C5960028}.Debug|Any CPU.ActiveCfg = Debug|Any CPU
		{CD679D4E-91C7-476B-9447-62B0C5960028}.Debug|Any CPU.Build.0 = Debug|Any CPU
		{CD679D4E-91C7-476B-9447-62B0C5960028}.Release|Any CPU.ActiveCfg = Release|Any CPU
		{CD679D4E-91C7-476B-9447-62B0C5960028}.Release|Any CPU.Build.0 = Release|Any CPU
		{5C56E87C-DA9B-4449-AC6C-7C1701120E50}.Debug|Any CPU.ActiveCfg = Debug|Any CPU
		{5C56E87C-DA9B-4449-AC6C-7C1701120E50}.Debug|Any CPU.Build.0 = Debug|Any CPU
		{5C56E87C-DA9B-4449-AC6C-7C1701120E50}.Release|Any CPU.ActiveCfg = Release|Any CPU
		{5C56E87C-DA9B-4449-AC6C-7C1701120E50}.Release|Any CPU.Build.0 = Release|Any CPU
		{8653E4D8-4B85-46F4-81C8-4F0B8E37E02B}.Debug|Any CPU.ActiveCfg = Debug|Any CPU
		{8653E4D8-4B85-46F4-81C8-4F0B8E37E02B}.Debug|Any CPU.Build.0 = Debug|Any CPU
		{8653E4D8-4B85-46F4-81C8-4F0B8E37E02B}.Release|Any CPU.ActiveCfg = Release|Any CPU
		{8653E4D8-4B85-46F4-81C8-4F0B8E37E02B}.Release|Any CPU.Build.0 = Release|Any CPU
		{26313CE2-588F-4AD4-85AA-F3BA0DC93793}.Debug|Any CPU.ActiveCfg = Debug|Any CPU
		{26313CE2-588F-4AD4-85AA-F3BA0DC93793}.Debug|Any CPU.Build.0 = Debug|Any CPU
		{26313CE2-588F-4AD4-85AA-F3BA0DC93793}.Release|Any CPU.ActiveCfg = Release|Any CPU
		{26313CE2-588F-4AD4-85AA-F3BA0DC93793}.Release|Any CPU.Build.0 = Release|Any CPU
		{118745F1-84F2-4A9B-ABF7-D27AE98A4270}.Debug|Any CPU.ActiveCfg = Debug|Any CPU
		{118745F1-84F2-4A9B-ABF7-D27AE98A4270}.Debug|Any CPU.Build.0 = Debug|Any CPU
		{118745F1-84F2-4A9B-ABF7-D27AE98A4270}.Release|Any CPU.ActiveCfg = Release|Any CPU
		{118745F1-84F2-4A9B-ABF7-D27AE98A4270}.Release|Any CPU.Build.0 = Release|Any CPU
		{E0A0E77D-597A-4AA9-809A-FB6ED09E3536}.Debug|Any CPU.ActiveCfg = Debug|Any CPU
		{E0A0E77D-597A-4AA9-809A-FB6ED09E3536}.Debug|Any CPU.Build.0 = Debug|Any CPU
		{E0A0E77D-597A-4AA9-809A-FB6ED09E3536}.Release|Any CPU.ActiveCfg = Release|Any CPU
		{E0A0E77D-597A-4AA9-809A-FB6ED09E3536}.Release|Any CPU.Build.0 = Release|Any CPU
		{315572AA-7253-4CAA-9A99-724470707E33}.Debug|Any CPU.ActiveCfg = Debug|Any CPU
		{315572AA-7253-4CAA-9A99-724470707E33}.Debug|Any CPU.Build.0 = Debug|Any CPU
		{315572AA-7253-4CAA-9A99-724470707E33}.Release|Any CPU.ActiveCfg = Release|Any CPU
		{315572AA-7253-4CAA-9A99-724470707E33}.Release|Any CPU.Build.0 = Release|Any CPU
		{B9F090A2-B813-4390-9B20-3D34025A8A46}.Debug|Any CPU.ActiveCfg = Debug|Any CPU
		{B9F090A2-B813-4390-9B20-3D34025A8A46}.Debug|Any CPU.Build.0 = Debug|Any CPU
		{B9F090A2-B813-4390-9B20-3D34025A8A46}.Release|Any CPU.ActiveCfg = Release|Any CPU
		{B9F090A2-B813-4390-9B20-3D34025A8A46}.Release|Any CPU.Build.0 = Release|Any CPU
		{0B02A473-64EB-4911-9A8F-3E2E38DB736E}.Debug|Any CPU.ActiveCfg = Debug|Any CPU
		{0B02A473-64EB-4911-9A8F-3E2E38DB736E}.Debug|Any CPU.Build.0 = Debug|Any CPU
		{0B02A473-64EB-4911-9A8F-3E2E38DB736E}.Release|Any CPU.ActiveCfg = Release|Any CPU
		{0B02A473-64EB-4911-9A8F-3E2E38DB736E}.Release|Any CPU.Build.0 = Release|Any CPU
		{EC6ED9A1-BF8D-408B-BDBC-D5674EA91BC2}.Debug|Any CPU.ActiveCfg = Debug|Any CPU
		{EC6ED9A1-BF8D-408B-BDBC-D5674EA91BC2}.Debug|Any CPU.Build.0 = Debug|Any CPU
		{EC6ED9A1-BF8D-408B-BDBC-D5674EA91BC2}.Release|Any CPU.ActiveCfg = Release|Any CPU
		{EC6ED9A1-BF8D-408B-BDBC-D5674EA91BC2}.Release|Any CPU.Build.0 = Release|Any CPU
		{6EF521B9-50D7-4F9C-AC3E-D53E26DDFE00}.Debug|Any CPU.ActiveCfg = Debug|Any CPU
		{6EF521B9-50D7-4F9C-AC3E-D53E26DDFE00}.Debug|Any CPU.Build.0 = Debug|Any CPU
		{6EF521B9-50D7-4F9C-AC3E-D53E26DDFE00}.Release|Any CPU.ActiveCfg = Release|Any CPU
		{6EF521B9-50D7-4F9C-AC3E-D53E26DDFE00}.Release|Any CPU.Build.0 = Release|Any CPU
		{4B5B1995-1829-4BD2-ABB2-AE39D97EE67E}.Debug|Any CPU.ActiveCfg = Debug|Any CPU
		{4B5B1995-1829-4BD2-ABB2-AE39D97EE67E}.Debug|Any CPU.Build.0 = Debug|Any CPU
		{4B5B1995-1829-4BD2-ABB2-AE39D97EE67E}.Release|Any CPU.ActiveCfg = Release|Any CPU
		{4B5B1995-1829-4BD2-ABB2-AE39D97EE67E}.Release|Any CPU.Build.0 = Release|Any CPU
		{A9E4CB19-876B-4B87-98E2-92E721C624D1}.Debug|Any CPU.ActiveCfg = Debug|Any CPU
		{A9E4CB19-876B-4B87-98E2-92E721C624D1}.Debug|Any CPU.Build.0 = Debug|Any CPU
		{A9E4CB19-876B-4B87-98E2-92E721C624D1}.Release|Any CPU.ActiveCfg = Release|Any CPU
		{A9E4CB19-876B-4B87-98E2-92E721C624D1}.Release|Any CPU.Build.0 = Release|Any CPU
		{FE70749B-C101-40CB-A369-C9D8E292892D}.Debug|Any CPU.ActiveCfg = Debug|Any CPU
		{FE70749B-C101-40CB-A369-C9D8E292892D}.Debug|Any CPU.Build.0 = Debug|Any CPU
		{FE70749B-C101-40CB-A369-C9D8E292892D}.Release|Any CPU.ActiveCfg = Release|Any CPU
		{FE70749B-C101-40CB-A369-C9D8E292892D}.Release|Any CPU.Build.0 = Release|Any CPU
		{6B1BB47E-6685-4BF9-892B-DC4201D6ACBE}.Debug|Any CPU.ActiveCfg = Debug|Any CPU
		{6B1BB47E-6685-4BF9-892B-DC4201D6ACBE}.Debug|Any CPU.Build.0 = Debug|Any CPU
		{6B1BB47E-6685-4BF9-892B-DC4201D6ACBE}.Release|Any CPU.ActiveCfg = Release|Any CPU
		{6B1BB47E-6685-4BF9-892B-DC4201D6ACBE}.Release|Any CPU.Build.0 = Release|Any CPU
		{DD6479EA-5879-475A-B112-2F42283413F9}.Debug|Any CPU.ActiveCfg = Debug|Any CPU
		{DD6479EA-5879-475A-B112-2F42283413F9}.Debug|Any CPU.Build.0 = Debug|Any CPU
		{DD6479EA-5879-475A-B112-2F42283413F9}.Release|Any CPU.ActiveCfg = Release|Any CPU
		{DD6479EA-5879-475A-B112-2F42283413F9}.Release|Any CPU.Build.0 = Release|Any CPU
		{93E5FD6D-06A0-4D63-B7F8-8F4AD94BBBE5}.Debug|Any CPU.ActiveCfg = Debug|Any CPU
		{93E5FD6D-06A0-4D63-B7F8-8F4AD94BBBE5}.Debug|Any CPU.Build.0 = Debug|Any CPU
		{93E5FD6D-06A0-4D63-B7F8-8F4AD94BBBE5}.Release|Any CPU.ActiveCfg = Release|Any CPU
		{93E5FD6D-06A0-4D63-B7F8-8F4AD94BBBE5}.Release|Any CPU.Build.0 = Release|Any CPU
		{E5EDE995-1788-4337-AFA6-F47E9C42ECA1}.Debug|Any CPU.ActiveCfg = Debug|Any CPU
		{E5EDE995-1788-4337-AFA6-F47E9C42ECA1}.Debug|Any CPU.Build.0 = Debug|Any CPU
		{E5EDE995-1788-4337-AFA6-F47E9C42ECA1}.Release|Any CPU.ActiveCfg = Release|Any CPU
		{E5EDE995-1788-4337-AFA6-F47E9C42ECA1}.Release|Any CPU.Build.0 = Release|Any CPU
		{10E9DAD2-07C3-4464-8C2B-77874E5F3D9C}.Debug|Any CPU.ActiveCfg = Debug|Any CPU
		{10E9DAD2-07C3-4464-8C2B-77874E5F3D9C}.Debug|Any CPU.Build.0 = Debug|Any CPU
		{10E9DAD2-07C3-4464-8C2B-77874E5F3D9C}.Release|Any CPU.ActiveCfg = Release|Any CPU
		{10E9DAD2-07C3-4464-8C2B-77874E5F3D9C}.Release|Any CPU.Build.0 = Release|Any CPU
		{3C77FCC9-90F6-4505-AC02-187E1404F03E}.Debug|Any CPU.ActiveCfg = Debug|Any CPU
		{3C77FCC9-90F6-4505-AC02-187E1404F03E}.Debug|Any CPU.Build.0 = Debug|Any CPU
		{3C77FCC9-90F6-4505-AC02-187E1404F03E}.Release|Any CPU.ActiveCfg = Release|Any CPU
		{3C77FCC9-90F6-4505-AC02-187E1404F03E}.Release|Any CPU.Build.0 = Release|Any CPU
		{45C37538-55EB-49D7-8B72-CA73847CF336}.Debug|Any CPU.ActiveCfg = Debug|Any CPU
		{45C37538-55EB-49D7-8B72-CA73847CF336}.Debug|Any CPU.Build.0 = Debug|Any CPU
		{45C37538-55EB-49D7-8B72-CA73847CF336}.Release|Any CPU.ActiveCfg = Release|Any CPU
		{45C37538-55EB-49D7-8B72-CA73847CF336}.Release|Any CPU.Build.0 = Release|Any CPU
		{5CA488ED-0BDA-4D0E-B713-B821E9FC637F}.Debug|Any CPU.ActiveCfg = Debug|Any CPU
		{5CA488ED-0BDA-4D0E-B713-B821E9FC637F}.Debug|Any CPU.Build.0 = Debug|Any CPU
		{5CA488ED-0BDA-4D0E-B713-B821E9FC637F}.Release|Any CPU.ActiveCfg = Release|Any CPU
		{5CA488ED-0BDA-4D0E-B713-B821E9FC637F}.Release|Any CPU.Build.0 = Release|Any CPU
		{6401BA38-6941-409A-BD12-A4BAD3EA313C}.Debug|Any CPU.ActiveCfg = Debug|Any CPU
		{6401BA38-6941-409A-BD12-A4BAD3EA313C}.Debug|Any CPU.Build.0 = Debug|Any CPU
		{6401BA38-6941-409A-BD12-A4BAD3EA313C}.Release|Any CPU.ActiveCfg = Release|Any CPU
		{6401BA38-6941-409A-BD12-A4BAD3EA313C}.Release|Any CPU.Build.0 = Release|Any CPU
		{33466A73-5C84-4C0C-8453-DCAF08A7B7A9}.Debug|Any CPU.ActiveCfg = Debug|Any CPU
		{33466A73-5C84-4C0C-8453-DCAF08A7B7A9}.Debug|Any CPU.Build.0 = Debug|Any CPU
		{33466A73-5C84-4C0C-8453-DCAF08A7B7A9}.Release|Any CPU.ActiveCfg = Release|Any CPU
		{33466A73-5C84-4C0C-8453-DCAF08A7B7A9}.Release|Any CPU.Build.0 = Release|Any CPU
		{B4A26FED-7FBB-49AE-AC0A-25A80E453E48}.Debug|Any CPU.ActiveCfg = Debug|Any CPU
		{B4A26FED-7FBB-49AE-AC0A-25A80E453E48}.Debug|Any CPU.Build.0 = Debug|Any CPU
		{B4A26FED-7FBB-49AE-AC0A-25A80E453E48}.Release|Any CPU.ActiveCfg = Release|Any CPU
		{B4A26FED-7FBB-49AE-AC0A-25A80E453E48}.Release|Any CPU.Build.0 = Release|Any CPU
		{1D0DD90A-69C9-44B5-90FC-4BDE07429A95}.Debug|Any CPU.ActiveCfg = Debug|Any CPU
		{1D0DD90A-69C9-44B5-90FC-4BDE07429A95}.Debug|Any CPU.Build.0 = Debug|Any CPU
		{1D0DD90A-69C9-44B5-90FC-4BDE07429A95}.Release|Any CPU.ActiveCfg = Release|Any CPU
		{1D0DD90A-69C9-44B5-90FC-4BDE07429A95}.Release|Any CPU.Build.0 = Release|Any CPU
		{F0304C52-608B-4D1E-8BCE-8A67C5F6E3A9}.Debug|Any CPU.ActiveCfg = Debug|Any CPU
		{F0304C52-608B-4D1E-8BCE-8A67C5F6E3A9}.Debug|Any CPU.Build.0 = Debug|Any CPU
		{F0304C52-608B-4D1E-8BCE-8A67C5F6E3A9}.Release|Any CPU.ActiveCfg = Release|Any CPU
		{F0304C52-608B-4D1E-8BCE-8A67C5F6E3A9}.Release|Any CPU.Build.0 = Release|Any CPU
		{4A273F21-71E2-43EE-8F7A-01BE1CE6FEBE}.Debug|Any CPU.ActiveCfg = Debug|Any CPU
		{4A273F21-71E2-43EE-8F7A-01BE1CE6FEBE}.Debug|Any CPU.Build.0 = Debug|Any CPU
		{4A273F21-71E2-43EE-8F7A-01BE1CE6FEBE}.Release|Any CPU.ActiveCfg = Release|Any CPU
		{4A273F21-71E2-43EE-8F7A-01BE1CE6FEBE}.Release|Any CPU.Build.0 = Release|Any CPU
		{4036F96D-62DB-4D0C-81EC-6DD4DD6A4950}.Debug|Any CPU.ActiveCfg = Debug|Any CPU
		{4036F96D-62DB-4D0C-81EC-6DD4DD6A4950}.Debug|Any CPU.Build.0 = Debug|Any CPU
		{4036F96D-62DB-4D0C-81EC-6DD4DD6A4950}.Release|Any CPU.ActiveCfg = Release|Any CPU
		{4036F96D-62DB-4D0C-81EC-6DD4DD6A4950}.Release|Any CPU.Build.0 = Release|Any CPU
		{ADD4ECB4-ECD2-45D6-8AA0-F65201A26DFC}.Debug|Any CPU.ActiveCfg = Debug|Any CPU
		{ADD4ECB4-ECD2-45D6-8AA0-F65201A26DFC}.Debug|Any CPU.Build.0 = Debug|Any CPU
		{ADD4ECB4-ECD2-45D6-8AA0-F65201A26DFC}.Release|Any CPU.ActiveCfg = Release|Any CPU
		{ADD4ECB4-ECD2-45D6-8AA0-F65201A26DFC}.Release|Any CPU.Build.0 = Release|Any CPU
		{BE37C674-0183-45ED-9E0D-76016B8D98CC}.Debug|Any CPU.ActiveCfg = Debug|Any CPU
		{BE37C674-0183-45ED-9E0D-76016B8D98CC}.Debug|Any CPU.Build.0 = Debug|Any CPU
		{BE37C674-0183-45ED-9E0D-76016B8D98CC}.Release|Any CPU.ActiveCfg = Release|Any CPU
		{BE37C674-0183-45ED-9E0D-76016B8D98CC}.Release|Any CPU.Build.0 = Release|Any CPU
		{4AF0D448-5412-4DF0-B2EE-1157452DAE88}.Debug|Any CPU.ActiveCfg = Debug|Any CPU
		{4AF0D448-5412-4DF0-B2EE-1157452DAE88}.Debug|Any CPU.Build.0 = Debug|Any CPU
		{4AF0D448-5412-4DF0-B2EE-1157452DAE88}.Release|Any CPU.ActiveCfg = Release|Any CPU
		{4AF0D448-5412-4DF0-B2EE-1157452DAE88}.Release|Any CPU.Build.0 = Release|Any CPU
		{A0FB5030-E20B-4CC8-ACF0-9C4EADDB03EB}.Debug|Any CPU.ActiveCfg = Debug|Any CPU
		{A0FB5030-E20B-4CC8-ACF0-9C4EADDB03EB}.Debug|Any CPU.Build.0 = Debug|Any CPU
		{A0FB5030-E20B-4CC8-ACF0-9C4EADDB03EB}.Release|Any CPU.ActiveCfg = Release|Any CPU
		{A0FB5030-E20B-4CC8-ACF0-9C4EADDB03EB}.Release|Any CPU.Build.0 = Release|Any CPU
		{2DA71B14-88FA-49C4-B14E-ACFC7ED5EB51}.Debug|Any CPU.ActiveCfg = Debug|Any CPU
		{2DA71B14-88FA-49C4-B14E-ACFC7ED5EB51}.Debug|Any CPU.Build.0 = Debug|Any CPU
		{2DA71B14-88FA-49C4-B14E-ACFC7ED5EB51}.Release|Any CPU.ActiveCfg = Release|Any CPU
		{2DA71B14-88FA-49C4-B14E-ACFC7ED5EB51}.Release|Any CPU.Build.0 = Release|Any CPU
		{066D9D52-5F85-47B3-8E71-7027FA85CAC4}.Debug|Any CPU.ActiveCfg = Debug|Any CPU
		{066D9D52-5F85-47B3-8E71-7027FA85CAC4}.Debug|Any CPU.Build.0 = Debug|Any CPU
		{066D9D52-5F85-47B3-8E71-7027FA85CAC4}.Release|Any CPU.ActiveCfg = Release|Any CPU
		{066D9D52-5F85-47B3-8E71-7027FA85CAC4}.Release|Any CPU.Build.0 = Release|Any CPU
		{4934CDD8-650F-4182-8AF1-DE75ABD485B2}.Debug|Any CPU.ActiveCfg = Debug|Any CPU
		{4934CDD8-650F-4182-8AF1-DE75ABD485B2}.Debug|Any CPU.Build.0 = Debug|Any CPU
		{4934CDD8-650F-4182-8AF1-DE75ABD485B2}.Release|Any CPU.ActiveCfg = Release|Any CPU
		{4934CDD8-650F-4182-8AF1-DE75ABD485B2}.Release|Any CPU.Build.0 = Release|Any CPU
		{8F13D6FB-EBA3-4215-A2D5-A381B369B5A4}.Debug|Any CPU.ActiveCfg = Debug|Any CPU
		{8F13D6FB-EBA3-4215-A2D5-A381B369B5A4}.Debug|Any CPU.Build.0 = Debug|Any CPU
		{8F13D6FB-EBA3-4215-A2D5-A381B369B5A4}.Release|Any CPU.ActiveCfg = Release|Any CPU
		{8F13D6FB-EBA3-4215-A2D5-A381B369B5A4}.Release|Any CPU.Build.0 = Release|Any CPU
		{0023E483-B3C0-4BBD-99E8-16F46E3D4D11}.Debug|Any CPU.ActiveCfg = Debug|Any CPU
		{0023E483-B3C0-4BBD-99E8-16F46E3D4D11}.Debug|Any CPU.Build.0 = Debug|Any CPU
		{0023E483-B3C0-4BBD-99E8-16F46E3D4D11}.Release|Any CPU.ActiveCfg = Release|Any CPU
		{0023E483-B3C0-4BBD-99E8-16F46E3D4D11}.Release|Any CPU.Build.0 = Release|Any CPU
		{3AF1DA21-B106-4E50-8490-7EFBD03AADBC}.Debug|Any CPU.ActiveCfg = Debug|Any CPU
		{3AF1DA21-B106-4E50-8490-7EFBD03AADBC}.Debug|Any CPU.Build.0 = Debug|Any CPU
		{3AF1DA21-B106-4E50-8490-7EFBD03AADBC}.Release|Any CPU.ActiveCfg = Release|Any CPU
		{3AF1DA21-B106-4E50-8490-7EFBD03AADBC}.Release|Any CPU.Build.0 = Release|Any CPU
		{014D08D3-9A91-4579-AC0E-7CA1E5A72461}.Debug|Any CPU.ActiveCfg = Debug|Any CPU
		{014D08D3-9A91-4579-AC0E-7CA1E5A72461}.Debug|Any CPU.Build.0 = Debug|Any CPU
		{014D08D3-9A91-4579-AC0E-7CA1E5A72461}.Release|Any CPU.ActiveCfg = Release|Any CPU
		{014D08D3-9A91-4579-AC0E-7CA1E5A72461}.Release|Any CPU.Build.0 = Release|Any CPU
		{6379F498-8C74-4CCD-952D-9ADA6BD03E37}.Debug|Any CPU.ActiveCfg = Debug|Any CPU
		{6379F498-8C74-4CCD-952D-9ADA6BD03E37}.Debug|Any CPU.Build.0 = Debug|Any CPU
		{6379F498-8C74-4CCD-952D-9ADA6BD03E37}.Release|Any CPU.ActiveCfg = Release|Any CPU
		{6379F498-8C74-4CCD-952D-9ADA6BD03E37}.Release|Any CPU.Build.0 = Release|Any CPU
		{40C257FF-FC21-4C3B-A95B-D43CF2F44389}.Debug|Any CPU.ActiveCfg = Debug|Any CPU
		{40C257FF-FC21-4C3B-A95B-D43CF2F44389}.Debug|Any CPU.Build.0 = Debug|Any CPU
		{40C257FF-FC21-4C3B-A95B-D43CF2F44389}.Release|Any CPU.ActiveCfg = Release|Any CPU
		{40C257FF-FC21-4C3B-A95B-D43CF2F44389}.Release|Any CPU.Build.0 = Release|Any CPU
	EndGlobalSection
	GlobalSection(SolutionProperties) = preSolution
		HideSolutionNode = FALSE
	EndGlobalSection
	GlobalSection(NestedProjects) = preSolution
		{2DA71B14-88FA-49C4-B14E-ACFC7ED5EB51} = {4B115C90-393C-4C59-A924-A79F766705EE}
		{066D9D52-5F85-47B3-8E71-7027FA85CAC4} = {4B115C90-393C-4C59-A924-A79F766705EE}
		{4934CDD8-650F-4182-8AF1-DE75ABD485B2} = {2328D535-02B8-4F95-B16F-0EFDCF6756F2}
		{8F13D6FB-EBA3-4215-A2D5-A381B369B5A4} = {C00AA086-3CE9-46FE-A550-9B41E560DAF6}
		{0023E483-B3C0-4BBD-99E8-16F46E3D4D11} = {C00AA086-3CE9-46FE-A550-9B41E560DAF6}
		{3AF1DA21-B106-4E50-8490-7EFBD03AADBC} = {964DD8E6-1055-43AE-9B04-006C9EC4158E}
		{014D08D3-9A91-4579-AC0E-7CA1E5A72461} = {964DD8E6-1055-43AE-9B04-006C9EC4158E}
		{6379F498-8C74-4CCD-952D-9ADA6BD03E37} = {964DD8E6-1055-43AE-9B04-006C9EC4158E}
		{40C257FF-FC21-4C3B-A95B-D43CF2F44389} = {964DD8E6-1055-43AE-9B04-006C9EC4158E}
	EndGlobalSection
	GlobalSection(ExtensibilityGlobals) = postSolution
		SolutionGuid = {956FE492-A90C-4947-842C-B07DA99D04BF}
	EndGlobalSection
EndGlobal
